
Microsoft Visual Studio Solution File, Format Version 12.00
# Visual Studio Version 17
VisualStudioVersion = 17.0.31903.59
MinimumVisualStudioVersion = 10.0.40219.1
Project("{FAE04EC0-301F-11D3-BF4B-00C04F79EFBC}") = "API", "API\API.csproj", "{A7F7F2C0-AF3B-4458-A5F2-042412BFA521}"
EndProject
Project("{FAE04EC0-301F-11D3-BF4B-00C04F79EFBC}") = "Core", "Core\Core.csproj", "{FF59AB03-BC25-4BF4-99E8-C0C16383F009}"
EndProject
Project("{FAE04EC0-301F-11D3-BF4B-00C04F79EFBC}") = "Infrastructure", "Infrastructure\Infrastructure.csproj", "{6CCE754A-3DAD-4A44-9CDC-19D4FC5A8831}"
EndProject
Global
	GlobalSection(SolutionConfigurationPlatforms) = preSolution
		Debug|Any CPU = Debug|Any CPU
		Release|Any CPU = Release|Any CPU
	EndGlobalSection
	GlobalSection(SolutionProperties) = preSolution
		HideSolutionNode = FALSE
	EndGlobalSection
	GlobalSection(ProjectConfigurationPlatforms) = postSolution
		{A7F7F2C0-AF3B-4458-A5F2-042412BFA521}.Debug|Any CPU.ActiveCfg = Debug|Any CPU
		{A7F7F2C0-AF3B-4458-A5F2-042412BFA521}.Debug|Any CPU.Build.0 = Debug|Any CPU
		{A7F7F2C0-AF3B-4458-A5F2-042412BFA521}.Release|Any CPU.ActiveCfg = Release|Any CPU
		{A7F7F2C0-AF3B-4458-A5F2-042412BFA521}.Release|Any CPU.Build.0 = Release|Any CPU
		{FF59AB03-BC25-4BF4-99E8-C0C16383F009}.Debug|Any CPU.ActiveCfg = Debug|Any CPU
		{FF59AB03-BC25-4BF4-99E8-C0C16383F009}.Debug|Any CPU.Build.0 = Debug|Any CPU
		{FF59AB03-BC25-4BF4-99E8-C0C16383F009}.Release|Any CPU.ActiveCfg = Release|Any CPU
		{FF59AB03-BC25-4BF4-99E8-C0C16383F009}.Release|Any CPU.Build.0 = Release|Any CPU
		{6CCE754A-3DAD-4A44-9CDC-19D4FC5A8831}.Debug|Any CPU.ActiveCfg = Debug|Any CPU
		{6CCE754A-3DAD-4A44-9CDC-19D4FC5A8831}.Debug|Any CPU.Build.0 = Debug|Any CPU
		{6CCE754A-3DAD-4A44-9CDC-19D4FC5A8831}.Release|Any CPU.ActiveCfg = Release|Any CPU
		{6CCE754A-3DAD-4A44-9CDC-19D4FC5A8831}.Release|Any CPU.Build.0 = Release|Any CPU
	EndGlobalSection
EndGlobal
